
Microsoft Visual Studio Solution File, Format Version 12.00
# Visual Studio Version 17
VisualStudioVersion = 17.4.33213.308
MinimumVisualStudioVersion = 10.0.40219.1
Project("{9A19103F-16F7-4668-BE54-9A1E7A4F7556}") = "Tuitionclass.API", "Tuitionclass.API.csproj", "{6D646199-19EF-498B-82D5-DA367A09D82B}"
EndProject
Project("{2150E333-8FDC-42A3-9474-1A3956D46DE8}") = "Solution Items", "Solution Items", "{2D63933D-64B1-4669-9DE9-353F8A2A632C}"
	ProjectSection(SolutionItems) = preProject
		.editorconfig = .editorconfig
	EndProjectSection
EndProject
Global
	GlobalSection(SolutionConfigurationPlatforms) = preSolution
		Debug|Any CPU = Debug|Any CPU
		Release|Any CPU = Release|Any CPU
	EndGlobalSection
	GlobalSection(ProjectConfigurationPlatforms) = postSolution
		{6D646199-19EF-498B-82D5-DA367A09D82B}.Debug|Any CPU.ActiveCfg = Debug|Any CPU
		{6D646199-19EF-498B-82D5-DA367A09D82B}.Debug|Any CPU.Build.0 = Debug|Any CPU
		{6D646199-19EF-498B-82D5-DA367A09D82B}.Release|Any CPU.ActiveCfg = Release|Any CPU
		{6D646199-19EF-498B-82D5-DA367A09D82B}.Release|Any CPU.Build.0 = Release|Any CPU
	EndGlobalSection
	GlobalSection(SolutionProperties) = preSolution
		HideSolutionNode = FALSE
	EndGlobalSection
	GlobalSection(ExtensibilityGlobals) = postSolution
		SolutionGuid = {F3F0DC44-D668-41D1-8D16-2B68EBA3564B}
	EndGlobalSection
EndGlobal
